{
  "name": "otplib",
  "version": "12.0.1",
  "lockfileVersion": 3,
  "requires": true,
  "packages": {
    "": {
      "name": "otplib",
      "version": "12.0.1",
      "license": "MIT",
      "dependencies": {
        "@otplib/core": "github:manhquan01/otp-core",
        "@otplib/preset-default": "github:manhquan01/otp-preset-default",
        "@otplib/preset-v11": "github:manhquan01/otp-preset-v11"
      }
    },
    "node_modules/@otplib/core": {
      "version": "12.0.1",
      "resolved": "git+ssh://git@github.com/manhquan01/otp-core.git#73bfd207fa5591b9fca4fcd484b0df516be9f647",
      "license": "MIT"
    },
    "node_modules/@otplib/plugin-crypto": {
      "version": "12.0.1",
      "resolved": "git+ssh://git@github.com/manhquan01/otp-plugin-crypto.git#a73b606d4d09d586876f22002bb44686275dc3bf",
      "license": "MIT",
      "dependencies": {
        "@otplib/core": "github:manhquan01/otp-core"
      }
    },
    "node_modules/@otplib/plugin-thirty-two": {
      "version": "12.0.1",
      "resolved": "git+ssh://git@github.com/manhquan01/otp-plugin-thirty-two.git#4903ed820e084d9d990815222103efbb548690c3",
      "license": "MIT",
      "dependencies": {
        "@otplib/core": "github:manhquan01/otp-core",
        "thirty-two": "^1.0.2"
      }
    },
    "node_modules/@otplib/preset-default": {
      "version": "12.0.1",
      "resolved": "git+ssh://git@github.com/manhquan01/otp-preset-default.git#dc8a372288e4aa606c30f3a63f0879cc2990b6b0",
      "license": "MIT",
      "dependencies": {
        "@otplib/core": "github:manhquan01/otp-core",
        "@otplib/plugin-crypto": "github:manhquan01/otp-plugin-crypto",
        "@otplib/plugin-thirty-two": "github:manhquan01/otp-plugin-thirty-two"
      }
    },
    "node_modules/@otplib/preset-v11": {
      "version": "12.0.1",
      "resolved": "git+ssh://git@github.com/manhquan01/otp-preset-v11.git#5b6774250781bc1fbb8c408ebbec3e988c846d44",
      "license": "MIT",
      "dependencies": {
        "@otplib/core": "github:manhquan01/otp-core",
        "@otplib/plugin-crypto": "github:manhquan01/otp-plugin-crypto",
        "@otplib/plugin-thirty-two": "github:manhquan01/otp-plugin-thirty-two"
      }
    },
    "node_modules/thirty-two": {
      "version": "1.0.2",
      "resolved": "https://registry.npmjs.org/thirty-two/-/thirty-two-1.0.2.tgz",
      "integrity": "sha512-OEI0IWCe+Dw46019YLl6V10Us5bi574EvlJEOcAkB29IzQ/mYD1A6RyNHLjZPiHCmuodxvgF6U+vZO1L15lxVA==",
      "engines": {
        "node": ">=0.2.6"
      }
    }
  }
}
